
Microsoft Visual Studio Solution File, Format Version 12.00
# Visual Studio 14
VisualStudioVersion = 14.0.25420.1
MinimumVisualStudioVersion = 10.0.40219.1
Project("{8BC9CEB8-8B4A-11D0-8D11-00A0C91BC942}") = "leveldblib", "leveldblib.vcxproj", "{D2F89B7C-6FF4-463E-B1D4-9B1DA5110DF6}"
EndProject
Project("{8BC9CEB8-8B4A-11D0-8D11-00A0C91BC942}") = "leveldbdll", "leveldbdll.vcxproj", "{F084B168-FA5C-4AE6-AF8F-90AF78CB980A}"
	ProjectSection(ProjectDependencies) = postProject
		{D2F89B7C-6FF4-463E-B1D4-9B1DA5110DF6} = {D2F89B7C-6FF4-463E-B1D4-9B1DA5110DF6}
	EndProjectSection
EndProject
Project("{8BC9CEB8-8B4A-11D0-8D11-00A0C91BC942}") = "leveldbutil", "leveldbutil.vcxproj", "{D668474F-7659-440C-8367-9B9A78E39B8A}"
EndProject
Project("{2150E333-8FDC-42A3-9474-1A3956D46DE8}") = "tests", "tests", "{E35412D4-E833-4731-A7F2-CC2EDD1F4A47}"
EndProject
Project("{8BC9CEB8-8B4A-11D0-8D11-00A0C91BC942}") = "arena_test", "arena_test.vcxproj", "{614AC10E-034D-4493-AB14-48C698116808}"
EndProject
Project("{8BC9CEB8-8B4A-11D0-8D11-00A0C91BC942}") = "autocompact_test", "autocompact_test.vcxproj", "{BD5F55BD-E675-4922-9291-086B7CB58B6A}"
EndProject
Project("{8BC9CEB8-8B4A-11D0-8D11-00A0C91BC942}") = "bloom_test", "bloom_test.vcxproj", "{0468CD37-BBC7-4D13-A219-2E8D6A19A951}"
EndProject
Project("{8BC9CEB8-8B4A-11D0-8D11-00A0C91BC942}") = "c_test", "c_test.vcxproj", "{8BFFADA2-FE43-4F3F-8A1F-5A7BD35E0FA4}"
EndProject
Project("{8BC9CEB8-8B4A-11D0-8D11-00A0C91BC942}") = "cache_test", "cache_test.vcxproj", "{0926156B-544B-4BD9-AF18-41BBDCBC2214}"
EndProject
Project("{8BC9CEB8-8B4A-11D0-8D11-00A0C91BC942}") = "coding_test", "coding_test.vcxproj", "{45B698EC-6FB5-478B-9ADC-555572709816}"
EndProject
Project("{8BC9CEB8-8B4A-11D0-8D11-00A0C91BC942}") = "corruption_test", "corruption_test.vcxproj", "{1E61EEAF-1DC5-42E5-A089-BBC67936493A}"
EndProject
Project("{8BC9CEB8-8B4A-11D0-8D11-00A0C91BC942}") = "crc32c_test", "crc32c_test.vcxproj", "{AA3EF627-C890-44ED-ACF7-D8B291CC98B0}"
EndProject
Project("{8BC9CEB8-8B4A-11D0-8D11-00A0C91BC942}") = "db_test", "db_test.vcxproj", "{900EADA5-AA2A-4305-94C0-464EC9304F93}"
EndProject
Project("{8BC9CEB8-8B4A-11D0-8D11-00A0C91BC942}") = "dbformat_test", "dbformat_test.vcxproj", "{6A18B98F-243E-4481-BBCF-2522C72C4DEA}"
EndProject
Project("{2150E333-8FDC-42A3-9474-1A3956D46DE8}") = "benchmarks", "benchmarks", "{CC436A6F-228C-4C0E-A15C-EF88CE5C8039}"
EndProject
Project("{8BC9CEB8-8B4A-11D0-8D11-00A0C91BC942}") = "db_bench", "db_bench.vcxproj", "{A6F9988E-F12B-4F5A-97DC-A7B14AA44C8A}"
EndProject
Project("{8BC9CEB8-8B4A-11D0-8D11-00A0C91BC942}") = "env_test", "env_test.vcxproj", "{24F3AE38-1D46-4EDD-8646-908B49AC4AE7}"
EndProject
Project("{8BC9CEB8-8B4A-11D0-8D11-00A0C91BC942}") = "fault_injection_test", "fault_injection_test.vcxproj", "{A0519A45-5ADC-4442-8355-C8C99F8E0802}"
EndProject
Project("{8BC9CEB8-8B4A-11D0-8D11-00A0C91BC942}") = "filename_test", "filename_test.vcxproj", "{1B7ABDB7-BCE5-4709-97A5-7474758E4DC6}"
EndProject
Project("{8BC9CEB8-8B4A-11D0-8D11-00A0C91BC942}") = "filter_block_test", "filter_block_test.vcxproj", "{FD6199D2-20CA-44BA-8253-24DD17C8A6B8}"
EndProject
Project("{8BC9CEB8-8B4A-11D0-8D11-00A0C91BC942}") = "hash_test", "hash_test.vcxproj", "{B00C461A-CA4D-4803-8CB3-73A04058AE79}"
EndProject
Project("{8BC9CEB8-8B4A-11D0-8D11-00A0C91BC942}") = "log_test", "log_test.vcxproj", "{C0BB7D85-649F-4200-9E8B-C6FFC9855906}"
EndProject
Project("{8BC9CEB8-8B4A-11D0-8D11-00A0C91BC942}") = "logging_test", "logging_test.vcxproj", "{29176105-6529-49D5-B193-368B18416692}"
EndProject
Project("{8BC9CEB8-8B4A-11D0-8D11-00A0C91BC942}") = "memenv_test", "memenv_test.vcxproj", "{001CCB4D-8D00-4805-986F-02EACFABEE14}"
EndProject
Project("{8BC9CEB8-8B4A-11D0-8D11-00A0C91BC942}") = "recovery_test", "recovery_test.vcxproj", "{90FFBB4D-1BE0-4494-9D41-229C3428D87F}"
EndProject
Project("{8BC9CEB8-8B4A-11D0-8D11-00A0C91BC942}") = "skiplist_test", "skiplist_test.vcxproj", "{A5DBBA00-B395-4110-A942-0042989AE2A4}"
EndProject
Project("{8BC9CEB8-8B4A-11D0-8D11-00A0C91BC942}") = "status_test", "status_test.vcxproj", "{C3FCFAD8-5D2C-46E7-B9BB-0576351B390D}"
EndProject
Project("{8BC9CEB8-8B4A-11D0-8D11-00A0C91BC942}") = "table_test", "table_test.vcxproj", "{A58BE9B2-D5A4-4D16-9BB3-8D95A100FC1E}"
EndProject
Project("{8BC9CEB8-8B4A-11D0-8D11-00A0C91BC942}") = "versionedit_test", "versionedit_test.vcxproj", "{74054477-196E-401A-8EE8-DA2922AD8851}"
EndProject
Project("{8BC9CEB8-8B4A-11D0-8D11-00A0C91BC942}") = "versionset_test", "versionset_test.vcxproj", "{EF54E69E-EC99-40D1-8163-8F92159A4BF9}"
EndProject
Project("{8BC9CEB8-8B4A-11D0-8D11-00A0C91BC942}") = "write_batch_test", "write_batch_test.vcxproj", "{06BAD71C-9B20-4576-8E7D-05D6103674CD}"
EndProject
Project("{2150E333-8FDC-42A3-9474-1A3956D46DE8}") = "issues", "issues", "{FEE351E1-9DAC-4E35-9C56-164C7C44431F}"
EndProject
Project("{8BC9CEB8-8B4A-11D0-8D11-00A0C91BC942}") = "issue178_test", "issue178_test.vcxproj", "{1EDD3175-C740-41C2-BE27-4EE2C68D41E0}"
EndProject
Project("{8BC9CEB8-8B4A-11D0-8D11-00A0C91BC942}") = "issue200_test", "issue200_test.vcxproj", "{368700D4-7FA7-425B-BB90-55087C631C52}"
EndProject
Global
	GlobalSection(SolutionConfigurationPlatforms) = preSolution
		Debug|x64 = Debug|x64
		Debug|x86 = Debug|x86
		Release|x64 = Release|x64
		Release|x86 = Release|x86
	EndGlobalSection
	GlobalSection(ProjectConfigurationPlatforms) = postSolution
		{D2F89B7C-6FF4-463E-B1D4-9B1DA5110DF6}.Debug|x64.ActiveCfg = Debug|x64
		{D2F89B7C-6FF4-463E-B1D4-9B1DA5110DF6}.Debug|x64.Build.0 = Debug|x64
		{D2F89B7C-6FF4-463E-B1D4-9B1DA5110DF6}.Debug|x86.ActiveCfg = Debug|Win32
		{D2F89B7C-6FF4-463E-B1D4-9B1DA5110DF6}.Debug|x86.Build.0 = Debug|Win32
		{D2F89B7C-6FF4-463E-B1D4-9B1DA5110DF6}.Release|x64.ActiveCfg = Release|x64
		{D2F89B7C-6FF4-463E-B1D4-9B1DA5110DF6}.Release|x64.Build.0 = Release|x64
		{D2F89B7C-6FF4-463E-B1D4-9B1DA5110DF6}.Release|x86.ActiveCfg = Release|Win32
		{D2F89B7C-6FF4-463E-B1D4-9B1DA5110DF6}.Release|x86.Build.0 = Release|Win32
		{F084B168-FA5C-4AE6-AF8F-90AF78CB980A}.Debug|x64.ActiveCfg = Debug|x64
		{F084B168-FA5C-4AE6-AF8F-90AF78CB980A}.Debug|x64.Build.0 = Debug|x64
		{F084B168-FA5C-4AE6-AF8F-90AF78CB980A}.Debug|x86.ActiveCfg = Debug|Win32
		{F084B168-FA5C-4AE6-AF8F-90AF78CB980A}.Debug|x86.Build.0 = Debug|Win32
		{F084B168-FA5C-4AE6-AF8F-90AF78CB980A}.Release|x64.ActiveCfg = Release|x64
		{F084B168-FA5C-4AE6-AF8F-90AF78CB980A}.Release|x64.Build.0 = Release|x64
		{F084B168-FA5C-4AE6-AF8F-90AF78CB980A}.Release|x86.ActiveCfg = Release|Win32
		{F084B168-FA5C-4AE6-AF8F-90AF78CB980A}.Release|x86.Build.0 = Release|Win32
		{D668474F-7659-440C-8367-9B9A78E39B8A}.Debug|x64.ActiveCfg = Debug|x64
		{D668474F-7659-440C-8367-9B9A78E39B8A}.Debug|x64.Build.0 = Debug|x64
		{D668474F-7659-440C-8367-9B9A78E39B8A}.Debug|x86.ActiveCfg = Debug|Win32
		{D668474F-7659-440C-8367-9B9A78E39B8A}.Debug|x86.Build.0 = Debug|Win32
		{D668474F-7659-440C-8367-9B9A78E39B8A}.Release|x64.ActiveCfg = Release|x64
		{D668474F-7659-440C-8367-9B9A78E39B8A}.Release|x64.Build.0 = Release|x64
		{D668474F-7659-440C-8367-9B9A78E39B8A}.Release|x86.ActiveCfg = Release|Win32
		{D668474F-7659-440C-8367-9B9A78E39B8A}.Release|x86.Build.0 = Release|Win32
		{614AC10E-034D-4493-AB14-48C698116808}.Debug|x64.ActiveCfg = Debug|x64
		{614AC10E-034D-4493-AB14-48C698116808}.Debug|x64.Build.0 = Debug|x64
		{614AC10E-034D-4493-AB14-48C698116808}.Debug|x86.ActiveCfg = Debug|Win32
		{614AC10E-034D-4493-AB14-48C698116808}.Debug|x86.Build.0 = Debug|Win32
		{614AC10E-034D-4493-AB14-48C698116808}.Release|x64.ActiveCfg = Release|x64
		{614AC10E-034D-4493-AB14-48C698116808}.Release|x64.Build.0 = Release|x64
		{614AC10E-034D-4493-AB14-48C698116808}.Release|x86.ActiveCfg = Release|Win32
		{614AC10E-034D-4493-AB14-48C698116808}.Release|x86.Build.0 = Release|Win32
		{BD5F55BD-E675-4922-9291-086B7CB58B6A}.Debug|x64.ActiveCfg = Debug|x64
		{BD5F55BD-E675-4922-9291-086B7CB58B6A}.Debug|x64.Build.0 = Debug|x64
		{BD5F55BD-E675-4922-9291-086B7CB58B6A}.Debug|x86.ActiveCfg = Debug|Win32
		{BD5F55BD-E675-4922-9291-086B7CB58B6A}.Debug|x86.Build.0 = Debug|Win32
		{BD5F55BD-E675-4922-9291-086B7CB58B6A}.Release|x64.ActiveCfg = Release|x64
		{BD5F55BD-E675-4922-9291-086B7CB58B6A}.Release|x64.Build.0 = Release|x64
		{BD5F55BD-E675-4922-9291-086B7CB58B6A}.Release|x86.ActiveCfg = Release|Win32
		{BD5F55BD-E675-4922-9291-086B7CB58B6A}.Release|x86.Build.0 = Release|Win32
		{0468CD37-BBC7-4D13-A219-2E8D6A19A951}.Debug|x64.ActiveCfg = Debug|x64
		{0468CD37-BBC7-4D13-A219-2E8D6A19A951}.Debug|x64.Build.0 = Debug|x64
		{0468CD37-BBC7-4D13-A219-2E8D6A19A951}.Debug|x86.ActiveCfg = Debug|Win32
		{0468CD37-BBC7-4D13-A219-2E8D6A19A951}.Debug|x86.Build.0 = Debug|Win32
		{0468CD37-BBC7-4D13-A219-2E8D6A19A951}.Release|x64.ActiveCfg = Release|x64
		{0468CD37-BBC7-4D13-A219-2E8D6A19A951}.Release|x64.Build.0 = Release|x64
		{0468CD37-BBC7-4D13-A219-2E8D6A19A951}.Release|x86.ActiveCfg = Release|Win32
		{0468CD37-BBC7-4D13-A219-2E8D6A19A951}.Release|x86.Build.0 = Release|Win32
		{8BFFADA2-FE43-4F3F-8A1F-5A7BD35E0FA4}.Debug|x64.ActiveCfg = Debug|x64
		{8BFFADA2-FE43-4F3F-8A1F-5A7BD35E0FA4}.Debug|x64.Build.0 = Debug|x64
		{8BFFADA2-FE43-4F3F-8A1F-5A7BD35E0FA4}.Debug|x86.ActiveCfg = Debug|Win32
		{8BFFADA2-FE43-4F3F-8A1F-5A7BD35E0FA4}.Debug|x86.Build.0 = Debug|Win32
		{8BFFADA2-FE43-4F3F-8A1F-5A7BD35E0FA4}.Release|x64.ActiveCfg = Release|x64
		{8BFFADA2-FE43-4F3F-8A1F-5A7BD35E0FA4}.Release|x64.Build.0 = Release|x64
		{8BFFADA2-FE43-4F3F-8A1F-5A7BD35E0FA4}.Release|x86.ActiveCfg = Release|Win32
		{8BFFADA2-FE43-4F3F-8A1F-5A7BD35E0FA4}.Release|x86.Build.0 = Release|Win32
		{0926156B-544B-4BD9-AF18-41BBDCBC2214}.Debug|x64.ActiveCfg = Debug|x64
		{0926156B-544B-4BD9-AF18-41BBDCBC2214}.Debug|x64.Build.0 = Debug|x64
		{0926156B-544B-4BD9-AF18-41BBDCBC2214}.Debug|x86.ActiveCfg = Debug|Win32
		{0926156B-544B-4BD9-AF18-41BBDCBC2214}.Debug|x86.Build.0 = Debug|Win32
		{0926156B-544B-4BD9-AF18-41BBDCBC2214}.Release|x64.ActiveCfg = Release|x64
		{0926156B-544B-4BD9-AF18-41BBDCBC2214}.Release|x64.Build.0 = Release|x64
		{0926156B-544B-4BD9-AF18-41BBDCBC2214}.Release|x86.ActiveCfg = Release|Win32
		{0926156B-544B-4BD9-AF18-41BBDCBC2214}.Release|x86.Build.0 = Release|Win32
		{45B698EC-6FB5-478B-9ADC-555572709816}.Debug|x64.ActiveCfg = Debug|x64
		{45B698EC-6FB5-478B-9ADC-555572709816}.Debug|x64.Build.0 = Debug|x64
		{45B698EC-6FB5-478B-9ADC-555572709816}.Debug|x86.ActiveCfg = Debug|Win32
		{45B698EC-6FB5-478B-9ADC-555572709816}.Debug|x86.Build.0 = Debug|Win32
		{45B698EC-6FB5-478B-9ADC-555572709816}.Release|x64.ActiveCfg = Release|x64
		{45B698EC-6FB5-478B-9ADC-555572709816}.Release|x64.Build.0 = Release|x64
		{45B698EC-6FB5-478B-9ADC-555572709816}.Release|x86.ActiveCfg = Release|Win32
		{45B698EC-6FB5-478B-9ADC-555572709816}.Release|x86.Build.0 = Release|Win32
		{1E61EEAF-1DC5-42E5-A089-BBC67936493A}.Debug|x64.ActiveCfg = Debug|x64
		{1E61EEAF-1DC5-42E5-A089-BBC67936493A}.Debug|x64.Build.0 = Debug|x64
		{1E61EEAF-1DC5-42E5-A089-BBC67936493A}.Debug|x86.ActiveCfg = Debug|Win32
		{1E61EEAF-1DC5-42E5-A089-BBC67936493A}.Debug|x86.Build.0 = Debug|Win32
		{1E61EEAF-1DC5-42E5-A089-BBC67936493A}.Release|x64.ActiveCfg = Release|x64
		{1E61EEAF-1DC5-42E5-A089-BBC67936493A}.Release|x64.Build.0 = Release|x64
		{1E61EEAF-1DC5-42E5-A089-BBC67936493A}.Release|x86.ActiveCfg = Release|Win32
		{1E61EEAF-1DC5-42E5-A089-BBC67936493A}.Release|x86.Build.0 = Release|Win32
		{AA3EF627-C890-44ED-ACF7-D8B291CC98B0}.Debug|x64.ActiveCfg = Debug|x64
		{AA3EF627-C890-44ED-ACF7-D8B291CC98B0}.Debug|x64.Build.0 = Debug|x64
		{AA3EF627-C890-44ED-ACF7-D8B291CC98B0}.Debug|x86.ActiveCfg = Debug|Win32
		{AA3EF627-C890-44ED-ACF7-D8B291CC98B0}.Debug|x86.Build.0 = Debug|Win32
		{AA3EF627-C890-44ED-ACF7-D8B291CC98B0}.Release|x64.ActiveCfg = Release|x64
		{AA3EF627-C890-44ED-ACF7-D8B291CC98B0}.Release|x64.Build.0 = Release|x64
		{AA3EF627-C890-44ED-ACF7-D8B291CC98B0}.Release|x86.ActiveCfg = Release|Win32
		{AA3EF627-C890-44ED-ACF7-D8B291CC98B0}.Release|x86.Build.0 = Release|Win32
		{900EADA5-AA2A-4305-94C0-464EC9304F93}.Debug|x64.ActiveCfg = Debug|x64
		{900EADA5-AA2A-4305-94C0-464EC9304F93}.Debug|x64.Build.0 = Debug|x64
		{900EADA5-AA2A-4305-94C0-464EC9304F93}.Debug|x86.ActiveCfg = Debug|Win32
		{900EADA5-AA2A-4305-94C0-464EC9304F93}.Debug|x86.Build.0 = Debug|Win32
		{900EADA5-AA2A-4305-94C0-464EC9304F93}.Release|x64.ActiveCfg = Release|x64
		{900EADA5-AA2A-4305-94C0-464EC9304F93}.Release|x64.Build.0 = Release|x64
		{900EADA5-AA2A-4305-94C0-464EC9304F93}.Release|x86.ActiveCfg = Release|Win32
		{900EADA5-AA2A-4305-94C0-464EC9304F93}.Release|x86.Build.0 = Release|Win32
		{6A18B98F-243E-4481-BBCF-2522C72C4DEA}.Debug|x64.ActiveCfg = Debug|x64
		{6A18B98F-243E-4481-BBCF-2522C72C4DEA}.Debug|x64.Build.0 = Debug|x64
		{6A18B98F-243E-4481-BBCF-2522C72C4DEA}.Debug|x86.ActiveCfg = Debug|Win32
		{6A18B98F-243E-4481-BBCF-2522C72C4DEA}.Debug|x86.Build.0 = Debug|Win32
		{6A18B98F-243E-4481-BBCF-2522C72C4DEA}.Release|x64.ActiveCfg = Release|x64
		{6A18B98F-243E-4481-BBCF-2522C72C4DEA}.Release|x64.Build.0 = Release|x64
		{6A18B98F-243E-4481-BBCF-2522C72C4DEA}.Release|x86.ActiveCfg = Release|Win32
		{6A18B98F-243E-4481-BBCF-2522C72C4DEA}.Release|x86.Build.0 = Release|Win32
		{A6F9988E-F12B-4F5A-97DC-A7B14AA44C8A}.Debug|x64.ActiveCfg = Debug|x64
		{A6F9988E-F12B-4F5A-97DC-A7B14AA44C8A}.Debug|x64.Build.0 = Debug|x64
		{A6F9988E-F12B-4F5A-97DC-A7B14AA44C8A}.Debug|x86.ActiveCfg = Debug|Win32
		{A6F9988E-F12B-4F5A-97DC-A7B14AA44C8A}.Debug|x86.Build.0 = Debug|Win32
		{A6F9988E-F12B-4F5A-97DC-A7B14AA44C8A}.Release|x64.ActiveCfg = Release|x64
		{A6F9988E-F12B-4F5A-97DC-A7B14AA44C8A}.Release|x64.Build.0 = Release|x64
		{A6F9988E-F12B-4F5A-97DC-A7B14AA44C8A}.Release|x86.ActiveCfg = Release|Win32
		{A6F9988E-F12B-4F5A-97DC-A7B14AA44C8A}.Release|x86.Build.0 = Release|Win32
		{24F3AE38-1D46-4EDD-8646-908B49AC4AE7}.Debug|x64.ActiveCfg = Debug|x64
		{24F3AE38-1D46-4EDD-8646-908B49AC4AE7}.Debug|x64.Build.0 = Debug|x64
		{24F3AE38-1D46-4EDD-8646-908B49AC4AE7}.Debug|x86.ActiveCfg = Debug|Win32
		{24F3AE38-1D46-4EDD-8646-908B49AC4AE7}.Debug|x86.Build.0 = Debug|Win32
		{24F3AE38-1D46-4EDD-8646-908B49AC4AE7}.Release|x64.ActiveCfg = Release|x64
		{24F3AE38-1D46-4EDD-8646-908B49AC4AE7}.Release|x64.Build.0 = Release|x64
		{24F3AE38-1D46-4EDD-8646-908B49AC4AE7}.Release|x86.ActiveCfg = Release|Win32
		{24F3AE38-1D46-4EDD-8646-908B49AC4AE7}.Release|x86.Build.0 = Release|Win32
		{A0519A45-5ADC-4442-8355-C8C99F8E0802}.Debug|x64.ActiveCfg = Debug|x64
		{A0519A45-5ADC-4442-8355-C8C99F8E0802}.Debug|x64.Build.0 = Debug|x64
		{A0519A45-5ADC-4442-8355-C8C99F8E0802}.Debug|x86.ActiveCfg = Debug|Win32
		{A0519A45-5ADC-4442-8355-C8C99F8E0802}.Debug|x86.Build.0 = Debug|Win32
		{A0519A45-5ADC-4442-8355-C8C99F8E0802}.Release|x64.ActiveCfg = Release|x64
		{A0519A45-5ADC-4442-8355-C8C99F8E0802}.Release|x64.Build.0 = Release|x64
		{A0519A45-5ADC-4442-8355-C8C99F8E0802}.Release|x86.ActiveCfg = Release|Win32
		{A0519A45-5ADC-4442-8355-C8C99F8E0802}.Release|x86.Build.0 = Release|Win32
		{1B7ABDB7-BCE5-4709-97A5-7474758E4DC6}.Debug|x64.ActiveCfg = Debug|x64
		{1B7ABDB7-BCE5-4709-97A5-7474758E4DC6}.Debug|x64.Build.0 = Debug|x64
		{1B7ABDB7-BCE5-4709-97A5-7474758E4DC6}.Debug|x86.ActiveCfg = Debug|Win32
		{1B7ABDB7-BCE5-4709-97A5-7474758E4DC6}.Debug|x86.Build.0 = Debug|Win32
		{1B7ABDB7-BCE5-4709-97A5-7474758E4DC6}.Release|x64.ActiveCfg = Release|x64
		{1B7ABDB7-BCE5-4709-97A5-7474758E4DC6}.Release|x64.Build.0 = Release|x64
		{1B7ABDB7-BCE5-4709-97A5-7474758E4DC6}.Release|x86.ActiveCfg = Release|Win32
		{1B7ABDB7-BCE5-4709-97A5-7474758E4DC6}.Release|x86.Build.0 = Release|Win32
		{FD6199D2-20CA-44BA-8253-24DD17C8A6B8}.Debug|x64.ActiveCfg = Debug|x64
		{FD6199D2-20CA-44BA-8253-24DD17C8A6B8}.Debug|x64.Build.0 = Debug|x64
		{FD6199D2-20CA-44BA-8253-24DD17C8A6B8}.Debug|x86.ActiveCfg = Debug|Win32
		{FD6199D2-20CA-44BA-8253-24DD17C8A6B8}.Debug|x86.Build.0 = Debug|Win32
		{FD6199D2-20CA-44BA-8253-24DD17C8A6B8}.Release|x64.ActiveCfg = Release|x64
		{FD6199D2-20CA-44BA-8253-24DD17C8A6B8}.Release|x64.Build.0 = Release|x64
		{FD6199D2-20CA-44BA-8253-24DD17C8A6B8}.Release|x86.ActiveCfg = Release|Win32
		{FD6199D2-20CA-44BA-8253-24DD17C8A6B8}.Release|x86.Build.0 = Release|Win32
		{B00C461A-CA4D-4803-8CB3-73A04058AE79}.Debug|x64.ActiveCfg = Debug|x64
		{B00C461A-CA4D-4803-8CB3-73A04058AE79}.Debug|x64.Build.0 = Debug|x64
		{B00C461A-CA4D-4803-8CB3-73A04058AE79}.Debug|x86.ActiveCfg = Debug|Win32
		{B00C461A-CA4D-4803-8CB3-73A04058AE79}.Debug|x86.Build.0 = Debug|Win32
		{B00C461A-CA4D-4803-8CB3-73A04058AE79}.Release|x64.ActiveCfg = Release|x64
		{B00C461A-CA4D-4803-8CB3-73A04058AE79}.Release|x64.Build.0 = Release|x64
		{B00C461A-CA4D-4803-8CB3-73A04058AE79}.Release|x86.ActiveCfg = Release|Win32
		{B00C461A-CA4D-4803-8CB3-73A04058AE79}.Release|x86.Build.0 = Release|Win32
		{C0BB7D85-649F-4200-9E8B-C6FFC9855906}.Debug|x64.ActiveCfg = Debug|x64
		{C0BB7D85-649F-4200-9E8B-C6FFC9855906}.Debug|x64.Build.0 = Debug|x64
		{C0BB7D85-649F-4200-9E8B-C6FFC9855906}.Debug|x86.ActiveCfg = Debug|Win32
		{C0BB7D85-649F-4200-9E8B-C6FFC9855906}.Debug|x86.Build.0 = Debug|Win32
		{C0BB7D85-649F-4200-9E8B-C6FFC9855906}.Release|x64.ActiveCfg = Release|x64
		{C0BB7D85-649F-4200-9E8B-C6FFC9855906}.Release|x64.Build.0 = Release|x64
		{C0BB7D85-649F-4200-9E8B-C6FFC9855906}.Release|x86.ActiveCfg = Release|Win32
		{C0BB7D85-649F-4200-9E8B-C6FFC9855906}.Release|x86.Build.0 = Release|Win32
		{29176105-6529-49D5-B193-368B18416692}.Debug|x64.ActiveCfg = Debug|x64
		{29176105-6529-49D5-B193-368B18416692}.Debug|x64.Build.0 = Debug|x64
		{29176105-6529-49D5-B193-368B18416692}.Debug|x86.ActiveCfg = Debug|Win32
		{29176105-6529-49D5-B193-368B18416692}.Debug|x86.Build.0 = Debug|Win32
		{29176105-6529-49D5-B193-368B18416692}.Release|x64.ActiveCfg = Release|x64
		{29176105-6529-49D5-B193-368B18416692}.Release|x64.Build.0 = Release|x64
		{29176105-6529-49D5-B193-368B18416692}.Release|x86.ActiveCfg = Release|Win32
		{29176105-6529-49D5-B193-368B18416692}.Release|x86.Build.0 = Release|Win32
		{001CCB4D-8D00-4805-986F-02EACFABEE14}.Debug|x64.ActiveCfg = Debug|x64
		{001CCB4D-8D00-4805-986F-02EACFABEE14}.Debug|x64.Build.0 = Debug|x64
		{001CCB4D-8D00-4805-986F-02EACFABEE14}.Debug|x86.ActiveCfg = Debug|Win32
		{001CCB4D-8D00-4805-986F-02EACFABEE14}.Debug|x86.Build.0 = Debug|Win32
		{001CCB4D-8D00-4805-986F-02EACFABEE14}.Release|x64.ActiveCfg = Release|x64
		{001CCB4D-8D00-4805-986F-02EACFABEE14}.Release|x64.Build.0 = Release|x64
		{001CCB4D-8D00-4805-986F-02EACFABEE14}.Release|x86.ActiveCfg = Release|Win32
		{001CCB4D-8D00-4805-986F-02EACFABEE14}.Release|x86.Build.0 = Release|Win32
		{90FFBB4D-1BE0-4494-9D41-229C3428D87F}.Debug|x64.ActiveCfg = Debug|x64
		{90FFBB4D-1BE0-4494-9D41-229C3428D87F}.Debug|x64.Build.0 = Debug|x64
		{90FFBB4D-1BE0-4494-9D41-229C3428D87F}.Debug|x86.ActiveCfg = Debug|Win32
		{90FFBB4D-1BE0-4494-9D41-229C3428D87F}.Debug|x86.Build.0 = Debug|Win32
		{90FFBB4D-1BE0-4494-9D41-229C3428D87F}.Release|x64.ActiveCfg = Release|x64
		{90FFBB4D-1BE0-4494-9D41-229C3428D87F}.Release|x64.Build.0 = Release|x64
		{90FFBB4D-1BE0-4494-9D41-229C3428D87F}.Release|x86.ActiveCfg = Release|Win32
		{90FFBB4D-1BE0-4494-9D41-229C3428D87F}.Release|x86.Build.0 = Release|Win32
		{A5DBBA00-B395-4110-A942-0042989AE2A4}.Debug|x64.ActiveCfg = Debug|x64
		{A5DBBA00-B395-4110-A942-0042989AE2A4}.Debug|x64.Build.0 = Debug|x64
		{A5DBBA00-B395-4110-A942-0042989AE2A4}.Debug|x86.ActiveCfg = Debug|Win32
		{A5DBBA00-B395-4110-A942-0042989AE2A4}.Debug|x86.Build.0 = Debug|Win32
		{A5DBBA00-B395-4110-A942-0042989AE2A4}.Release|x64.ActiveCfg = Release|x64
		{A5DBBA00-B395-4110-A942-0042989AE2A4}.Release|x64.Build.0 = Release|x64
		{A5DBBA00-B395-4110-A942-0042989AE2A4}.Release|x86.ActiveCfg = Release|Win32
		{A5DBBA00-B395-4110-A942-0042989AE2A4}.Release|x86.Build.0 = Release|Win32
		{C3FCFAD8-5D2C-46E7-B9BB-0576351B390D}.Debug|x64.ActiveCfg = Debug|x64
		{C3FCFAD8-5D2C-46E7-B9BB-0576351B390D}.Debug|x64.Build.0 = Debug|x64
		{C3FCFAD8-5D2C-46E7-B9BB-0576351B390D}.Debug|x86.ActiveCfg = Debug|Win32
		{C3FCFAD8-5D2C-46E7-B9BB-0576351B390D}.Debug|x86.Build.0 = Debug|Win32
		{C3FCFAD8-5D2C-46E7-B9BB-0576351B390D}.Release|x64.ActiveCfg = Release|x64
		{C3FCFAD8-5D2C-46E7-B9BB-0576351B390D}.Release|x64.Build.0 = Release|x64
		{C3FCFAD8-5D2C-46E7-B9BB-0576351B390D}.Release|x86.ActiveCfg = Release|Win32
		{C3FCFAD8-5D2C-46E7-B9BB-0576351B390D}.Release|x86.Build.0 = Release|Win32
		{A58BE9B2-D5A4-4D16-9BB3-8D95A100FC1E}.Debug|x64.ActiveCfg = Debug|x64
		{A58BE9B2-D5A4-4D16-9BB3-8D95A100FC1E}.Debug|x64.Build.0 = Debug|x64
		{A58BE9B2-D5A4-4D16-9BB3-8D95A100FC1E}.Debug|x86.ActiveCfg = Debug|Win32
		{A58BE9B2-D5A4-4D16-9BB3-8D95A100FC1E}.Debug|x86.Build.0 = Debug|Win32
		{A58BE9B2-D5A4-4D16-9BB3-8D95A100FC1E}.Release|x64.ActiveCfg = Release|x64
		{A58BE9B2-D5A4-4D16-9BB3-8D95A100FC1E}.Release|x64.Build.0 = Release|x64
		{A58BE9B2-D5A4-4D16-9BB3-8D95A100FC1E}.Release|x86.ActiveCfg = Release|Win32
		{A58BE9B2-D5A4-4D16-9BB3-8D95A100FC1E}.Release|x86.Build.0 = Release|Win32
		{74054477-196E-401A-8EE8-DA2922AD8851}.Debug|x64.ActiveCfg = Debug|x64
		{74054477-196E-401A-8EE8-DA2922AD8851}.Debug|x64.Build.0 = Debug|x64
		{74054477-196E-401A-8EE8-DA2922AD8851}.Debug|x86.ActiveCfg = Debug|Win32
		{74054477-196E-401A-8EE8-DA2922AD8851}.Debug|x86.Build.0 = Debug|Win32
		{74054477-196E-401A-8EE8-DA2922AD8851}.Release|x64.ActiveCfg = Release|x64
		{74054477-196E-401A-8EE8-DA2922AD8851}.Release|x64.Build.0 = Release|x64
		{74054477-196E-401A-8EE8-DA2922AD8851}.Release|x86.ActiveCfg = Release|Win32
		{74054477-196E-401A-8EE8-DA2922AD8851}.Release|x86.Build.0 = Release|Win32
		{EF54E69E-EC99-40D1-8163-8F92159A4BF9}.Debug|x64.ActiveCfg = Debug|x64
		{EF54E69E-EC99-40D1-8163-8F92159A4BF9}.Debug|x64.Build.0 = Debug|x64
		{EF54E69E-EC99-40D1-8163-8F92159A4BF9}.Debug|x86.ActiveCfg = Debug|Win32
		{EF54E69E-EC99-40D1-8163-8F92159A4BF9}.Debug|x86.Build.0 = Debug|Win32
		{EF54E69E-EC99-40D1-8163-8F92159A4BF9}.Release|x64.ActiveCfg = Release|x64
		{EF54E69E-EC99-40D1-8163-8F92159A4BF9}.Release|x64.Build.0 = Release|x64
		{EF54E69E-EC99-40D1-8163-8F92159A4BF9}.Release|x86.ActiveCfg = Release|Win32
		{EF54E69E-EC99-40D1-8163-8F92159A4BF9}.Release|x86.Build.0 = Release|Win32
		{06BAD71C-9B20-4576-8E7D-05D6103674CD}.Debug|x64.ActiveCfg = Debug|x64
		{06BAD71C-9B20-4576-8E7D-05D6103674CD}.Debug|x64.Build.0 = Debug|x64
		{06BAD71C-9B20-4576-8E7D-05D6103674CD}.Debug|x86.ActiveCfg = Debug|Win32
		{06BAD71C-9B20-4576-8E7D-05D6103674CD}.Debug|x86.Build.0 = Debug|Win32
		{06BAD71C-9B20-4576-8E7D-05D6103674CD}.Release|x64.ActiveCfg = Release|x64
		{06BAD71C-9B20-4576-8E7D-05D6103674CD}.Release|x64.Build.0 = Release|x64
		{06BAD71C-9B20-4576-8E7D-05D6103674CD}.Release|x86.ActiveCfg = Release|Win32
		{06BAD71C-9B20-4576-8E7D-05D6103674CD}.Release|x86.Build.0 = Release|Win32
		{1EDD3175-C740-41C2-BE27-4EE2C68D41E0}.Debug|x64.ActiveCfg = Debug|x64
		{1EDD3175-C740-41C2-BE27-4EE2C68D41E0}.Debug|x64.Build.0 = Debug|x64
		{1EDD3175-C740-41C2-BE27-4EE2C68D41E0}.Debug|x86.ActiveCfg = Debug|Win32
		{1EDD3175-C740-41C2-BE27-4EE2C68D41E0}.Debug|x86.Build.0 = Debug|Win32
		{1EDD3175-C740-41C2-BE27-4EE2C68D41E0}.Release|x64.ActiveCfg = Release|x64
		{1EDD3175-C740-41C2-BE27-4EE2C68D41E0}.Release|x64.Build.0 = Release|x64
		{1EDD3175-C740-41C2-BE27-4EE2C68D41E0}.Release|x86.ActiveCfg = Release|Win32
		{1EDD3175-C740-41C2-BE27-4EE2C68D41E0}.Release|x86.Build.0 = Release|Win32
		{368700D4-7FA7-425B-BB90-55087C631C52}.Debug|x64.ActiveCfg = Debug|x64
		{368700D4-7FA7-425B-BB90-55087C631C52}.Debug|x64.Build.0 = Debug|x64
		{368700D4-7FA7-425B-BB90-55087C631C52}.Debug|x86.ActiveCfg = Debug|Win32
		{368700D4-7FA7-425B-BB90-55087C631C52}.Debug|x86.Build.0 = Debug|Win32
		{368700D4-7FA7-425B-BB90-55087C631C52}.Release|x64.ActiveCfg = Release|x64
		{368700D4-7FA7-425B-BB90-55087C631C52}.Release|x64.Build.0 = Release|x64
		{368700D4-7FA7-425B-BB90-55087C631C52}.Release|x86.ActiveCfg = Release|Win32
		{368700D4-7FA7-425B-BB90-55087C631C52}.Release|x86.Build.0 = Release|Win32
	EndGlobalSection
	GlobalSection(SolutionProperties) = preSolution
		HideSolutionNode = FALSE
	EndGlobalSection
	GlobalSection(NestedProjects) = preSolution
		{614AC10E-034D-4493-AB14-48C698116808} = {E35412D4-E833-4731-A7F2-CC2EDD1F4A47}
		{BD5F55BD-E675-4922-9291-086B7CB58B6A} = {E35412D4-E833-4731-A7F2-CC2EDD1F4A47}
		{0468CD37-BBC7-4D13-A219-2E8D6A19A951} = {E35412D4-E833-4731-A7F2-CC2EDD1F4A47}
		{8BFFADA2-FE43-4F3F-8A1F-5A7BD35E0FA4} = {E35412D4-E833-4731-A7F2-CC2EDD1F4A47}
		{0926156B-544B-4BD9-AF18-41BBDCBC2214} = {E35412D4-E833-4731-A7F2-CC2EDD1F4A47}
		{45B698EC-6FB5-478B-9ADC-555572709816} = {E35412D4-E833-4731-A7F2-CC2EDD1F4A47}
		{1E61EEAF-1DC5-42E5-A089-BBC67936493A} = {E35412D4-E833-4731-A7F2-CC2EDD1F4A47}
		{AA3EF627-C890-44ED-ACF7-D8B291CC98B0} = {E35412D4-E833-4731-A7F2-CC2EDD1F4A47}
		{900EADA5-AA2A-4305-94C0-464EC9304F93} = {E35412D4-E833-4731-A7F2-CC2EDD1F4A47}
		{6A18B98F-243E-4481-BBCF-2522C72C4DEA} = {E35412D4-E833-4731-A7F2-CC2EDD1F4A47}
		{A6F9988E-F12B-4F5A-97DC-A7B14AA44C8A} = {CC436A6F-228C-4C0E-A15C-EF88CE5C8039}
		{24F3AE38-1D46-4EDD-8646-908B49AC4AE7} = {E35412D4-E833-4731-A7F2-CC2EDD1F4A47}
		{A0519A45-5ADC-4442-8355-C8C99F8E0802} = {E35412D4-E833-4731-A7F2-CC2EDD1F4A47}
		{1B7ABDB7-BCE5-4709-97A5-7474758E4DC6} = {E35412D4-E833-4731-A7F2-CC2EDD1F4A47}
		{FD6199D2-20CA-44BA-8253-24DD17C8A6B8} = {E35412D4-E833-4731-A7F2-CC2EDD1F4A47}
		{B00C461A-CA4D-4803-8CB3-73A04058AE79} = {E35412D4-E833-4731-A7F2-CC2EDD1F4A47}
		{C0BB7D85-649F-4200-9E8B-C6FFC9855906} = {E35412D4-E833-4731-A7F2-CC2EDD1F4A47}
		{29176105-6529-49D5-B193-368B18416692} = {E35412D4-E833-4731-A7F2-CC2EDD1F4A47}
		{001CCB4D-8D00-4805-986F-02EACFABEE14} = {E35412D4-E833-4731-A7F2-CC2EDD1F4A47}
		{90FFBB4D-1BE0-4494-9D41-229C3428D87F} = {E35412D4-E833-4731-A7F2-CC2EDD1F4A47}
		{A5DBBA00-B395-4110-A942-0042989AE2A4} = {E35412D4-E833-4731-A7F2-CC2EDD1F4A47}
		{C3FCFAD8-5D2C-46E7-B9BB-0576351B390D} = {E35412D4-E833-4731-A7F2-CC2EDD1F4A47}
		{A58BE9B2-D5A4-4D16-9BB3-8D95A100FC1E} = {E35412D4-E833-4731-A7F2-CC2EDD1F4A47}
		{74054477-196E-401A-8EE8-DA2922AD8851} = {E35412D4-E833-4731-A7F2-CC2EDD1F4A47}
		{EF54E69E-EC99-40D1-8163-8F92159A4BF9} = {E35412D4-E833-4731-A7F2-CC2EDD1F4A47}
		{06BAD71C-9B20-4576-8E7D-05D6103674CD} = {E35412D4-E833-4731-A7F2-CC2EDD1F4A47}
		{FEE351E1-9DAC-4E35-9C56-164C7C44431F} = {E35412D4-E833-4731-A7F2-CC2EDD1F4A47}
		{1EDD3175-C740-41C2-BE27-4EE2C68D41E0} = {FEE351E1-9DAC-4E35-9C56-164C7C44431F}
		{368700D4-7FA7-425B-BB90-55087C631C52} = {FEE351E1-9DAC-4E35-9C56-164C7C44431F}
	EndGlobalSection
EndGlobal
