<?xml version="1.0" encoding="utf-8"?>
<Project ToolsVersion="4.0" xmlns="http://schemas.microsoft.com/developer/msbuild/2003">
  <ItemGroup>
    <ClCompile Include="..\..\db\builder.cc" />
    <ClCompile Include="..\..\db\c.cc" />
    <ClCompile Include="..\..\db\db_impl.cc" />
    <ClCompile Include="..\..\db\db_iter.cc" />
    <ClCompile Include="..\..\db\dbformat.cc" />
    <ClCompile Include="..\..\db\dumpfile.cc" />
    <ClCompile Include="..\..\db\filename.cc" />
    <ClCompile Include="..\..\db\log_reader.cc" />
    <ClCompile Include="..\..\db\log_writer.cc" />
    <ClCompile Include="..\..\db\memtable.cc" />
    <ClCompile Include="..\..\db\repair.cc" />
    <ClCompile Include="..\..\db\table_cache.cc" />
    <ClCompile Include="..\..\db\version_edit.cc" />
    <ClCompile Include="..\..\db\version_set.cc" />
    <ClCompile Include="..\..\db\write_batch.cc" />
    <ClCompile Include="..\..\util\arena.cc" />
    <ClCompile Include="..\..\util\bloom.cc" />
    <ClCompile Include="..\..\util\cache.cc" />
    <ClCompile Include="..\..\util\coding.cc" />
    <ClCompile Include="..\..\util\comparator.cc" />
    <ClCompile Include="..\..\util\crc32c.cc" />
    <ClCompile Include="..\..\util\env.cc" />
    <ClCompile Include="..\..\util\env_win.cc" />
    <ClCompile Include="..\..\util\filter_policy.cc" />
    <ClCompile Include="..\..\util\hash.cc" />
    <ClCompile Include="..\..\util\logging.cc" />
    <ClCompile Include="..\..\util\options.cc" />
    <ClCompile Include="..\..\util\status.cc" />
    <ClCompile Include="..\..\util\win_logger.cc" />
    <ClCompile Include="..\..\table\block.cc" />
    <ClCompile Include="..\..\table\block_builder.cc" />
    <ClCompile Include="..\..\table\filter_block.cc" />
    <ClCompile Include="..\..\table\format.cc" />
    <ClCompile Include="..\..\table\iterator.cc" />
    <ClCompile Include="..\..\table\merger.cc" />
    <ClCompile Include="..\..\table\table.cc" />
    <ClCompile Include="..\..\table\table_builder.cc" />
    <ClCompile Include="..\..\table\two_level_iterator.cc" />
    <ClCompile Include="..\..\helpers\memenv\memenv.cc" />
    <ClCompile Include="..\..\port\port_win.cc" />
    <ClCompile Include="..\..\db\snappy_compressor.cc">
      <Filter>compressors</Filter>
    </ClCompile>
    <ClCompile Include="..\..\db\zlib_compressor.cc">
      <Filter>compressors</Filter>
    </ClCompile>
    <ClCompile Include="..\..\db\zopfli_compressor.cc">
      <Filter>compressors</Filter>
    </ClCompile>
    <ClCompile Include="..\..\db\zstd_compressor.cc">
      <Filter>compressors</Filter>
    </ClCompile>
    <ClCompile Include="..\..\port\port_posix_sse.cc" />
  </ItemGroup>
  <ItemGroup>
    <ClInclude Include="..\..\db\builder.h" />
    <ClInclude Include="..\..\db\db_impl.h" />
    <ClInclude Include="..\..\db\db_iter.h" />
    <ClInclude Include="..\..\db\dbformat.h" />
    <ClInclude Include="..\..\db\filename.h" />
    <ClInclude Include="..\..\db\log_format.h" />
    <ClInclude Include="..\..\db\log_reader.h" />
    <ClInclude Include="..\..\db\log_writer.h" />
    <ClInclude Include="..\..\db\memtable.h" />
    <ClInclude Include="..\..\db\skiplist.h" />
    <ClInclude Include="..\..\db\snapshot.h" />
    <ClInclude Include="..\..\db\table_cache.h" />
    <ClInclude Include="..\..\db\version_edit.h" />
    <ClInclude Include="..\..\db\version_set.h" />
    <ClInclude Include="..\..\db\write_batch_internal.h" />
    <ClInclude Include="..\..\util\arena.h" />
    <ClInclude Include="..\..\util\coding.h" />
    <ClInclude Include="..\..\util\crc32c.h" />
    <ClInclude Include="..\..\util\hash.h" />
    <ClInclude Include="..\..\util\logging.h" />
    <ClInclude Include="..\..\util\mutexlock.h" />
    <ClInclude Include="..\..\util\random.h" />
    <ClInclude Include="..\..\util\win_logger.h" />
    <ClInclude Include="..\..\table\block.h" />
    <ClInclude Include="..\..\table\block_builder.h" />
    <ClInclude Include="..\..\table\filter_block.h" />
    <ClInclude Include="..\..\table\format.h" />
    <ClInclude Include="..\..\table\merger.h" />
    <ClInclude Include="..\..\table\two_level_iterator.h" />
    <ClInclude Include="..\..\helpers\memenv\memenv.h" />
    <ClInclude Include="..\..\port\port_win.h" />
    <ClInclude Include="..\..\include\leveldb\snappy_compressor.h">
      <Filter>compressors</Filter>
    </ClInclude>
    <ClInclude Include="..\..\include\leveldb\zlib_compressor.h">
      <Filter>compressors</Filter>
    </ClInclude>
    <ClInclude Include="..\..\include\leveldb\zopfli_compressor.h">
      <Filter>compressors</Filter>
    </ClInclude>
    <ClInclude Include="..\..\include\leveldb\zstd_compressor.h">
      <Filter>compressors</Filter>
    </ClInclude>
    <ClInclude Include="..\..\include\leveldb\c.h" />
    <ClInclude Include="..\..\include\leveldb\cache.h" />
    <ClInclude Include="..\..\include\leveldb\comparator.h" />
    <ClInclude Include="..\..\include\leveldb\db.h" />
    <ClInclude Include="..\..\include\leveldb\dumpfile.h" />
    <ClInclude Include="..\..\include\leveldb\env.h" />
    <ClInclude Include="..\..\include\leveldb\export.h" />
    <ClInclude Include="..\..\include\leveldb\filter_policy.h" />
    <ClInclude Include="..\..\include\leveldb\iterator.h" />
    <ClInclude Include="..\..\include\leveldb\options.h" />
    <ClInclude Include="..\..\include\leveldb\slice.h" />
    <ClInclude Include="..\..\include\leveldb\status.h" />
    <ClInclude Include="..\..\include\leveldb\table.h" />
    <ClInclude Include="..\..\include\leveldb\table_builder.h" />
    <ClInclude Include="..\..\include\leveldb\write_batch.h" />
    <ClInclude Include="..\..\include\leveldb\compressor.h">
      <Filter>compressors</Filter>
    </ClInclude>
    <ClInclude Include="..\..\include\leveldb\decompress_allocator.h">
      <Filter>compressors</Filter>
    </ClInclude>
    <ClInclude Include="..\..\port\atomic_pointer.h" />
    <ClInclude Include="..\..\table\iterator_wrapper.h" />
    <ClInclude Include="..\..\port\port_config.h" />
    <ClInclude Include="..\..\port\port.h" />
    <ClInclude Include="..\..\port\thread_annotations.h" />
  </ItemGroup>
  <ItemGroup>
    <Filter Include="compressors">
      <UniqueIdentifier>{71fe3290-3f5a-433c-aeb7-9107a874f708}</UniqueIdentifier>
    </Filter>
  </ItemGroup>
</Project>